
Microsoft Visual Studio Solution File, Format Version 12.00
# Visual Studio Version 17
VisualStudioVersion = 17.8.34309.116
MinimumVisualStudioVersion = 10.0.40219.1
Project("{FAE04EC0-301F-11D3-BF4B-00C04F79EFBC}") = "Test.API", "Test.API\Test.API.csproj", "{0756678B-74F6-4ACC-87EE-49C03CCD1F90}"
EndProject
Global
	GlobalSection(SolutionConfigurationPlatforms) = preSolution
		Debug|Any CPU = Debug|Any CPU
		Release|Any CPU = Release|Any CPU
	EndGlobalSection
	GlobalSection(ProjectConfigurationPlatforms) = postSolution
		{0756678B-74F6-4ACC-87EE-49C03CCD1F90}.Debug|Any CPU.ActiveCfg = Debug|Any CPU
		{0756678B-74F6-4ACC-87EE-49C03CCD1F90}.Debug|Any CPU.Build.0 = Debug|Any CPU
		{0756678B-74F6-4ACC-87EE-49C03CCD1F90}.Release|Any CPU.ActiveCfg = Release|Any CPU
		{0756678B-74F6-4ACC-87EE-49C03CCD1F90}.Release|Any CPU.Build.0 = Release|Any CPU
	EndGlobalSection
	GlobalSection(SolutionProperties) = preSolution
		HideSolutionNode = FALSE
	EndGlobalSection
	GlobalSection(ExtensibilityGlobals) = postSolution
		SolutionGuid = {9C4693C8-A4CF-4A94-BEA2-E15969AC8557}
	EndGlobalSection
EndGlobal
